# THIS IS AN AUTOGENERATED FILE. DO NOT EDIT THIS FILE DIRECTLY.
# yarn lockfile v1


"@prisma/engines@5.4.2":
  version "5.4.2"
  resolved "https://registry.yarnpkg.com/@prisma/engines/-/engines-5.4.2.tgz#ba2b7faeb227c76e423e88f962afe6a031319f3f"
  integrity sha512-fqeucJ3LH0e1eyFdT0zRx+oETLancu5+n4lhiYECyEz6H2RDskPJHJYHkVc0LhkU4Uv7fuEnppKU3nVKNzMh8g==

prisma@^5.4.2:
  version "5.4.2"
  resolved "https://registry.yarnpkg.com/prisma/-/prisma-5.4.2.tgz#7eac9276439ec7073ec697c6c0dfa259d96e955e"
  integrity sha512-GDMZwZy7mysB2oXU+angQqJ90iaPFdD0rHaZNkn+dio5NRkGLmMqmXs31//tg/qXT3iB0cTQwnGGQNuirhSTZg==
  dependencies:
    "@prisma/engines" "5.4.2"
